Microsoft Visual Studio Solution File, Format Version 11.00
# Visual Studio 2008

Project("{11AE5DE8-1572-DA52-5D3C-D52322176F95}") = "Advanced_Boost", "Assembly-CSharp-firstpass-vs.csproj", "{4DD019FF-6040-07E7-D129-807C82F58D7E}"
EndProject
Project("{11AE5DE8-1572-DA52-5D3C-D52322176F95}") = "Advanced_Boost", "Assembly-CSharp-vs.csproj", "{1F4FB651-75FB-D87B-D61C-D6055DE0DAC0}"
EndProject
Project("{11AE5DE8-1572-DA52-5D3C-D52322176F95}") = "Advanced_Boost", "Assembly-CSharp-Editor-vs.csproj", "{90C89995-483E-A6FD-DE0C-D30C40E5ADF7}"
EndProject
Global
	GlobalSection(SolutionConfigurationPlatforms) = preSolution
		Debug|Any CPU = Debug|Any CPU
		Release|Any CPU = Release|Any CPU
	EndGlobalSection
	GlobalSection(ProjectConfigurationPlatforms) = postSolution
		{4DD019FF-6040-07E7-D129-807C82F58D7E}.Debug|Any CPU.ActiveCfg = Debug|Any CPU
		{4DD019FF-6040-07E7-D129-807C82F58D7E}.Debug|Any CPU.Build.0 = Debug|Any CPU
		{4DD019FF-6040-07E7-D129-807C82F58D7E}.Release|Any CPU.ActiveCfg = Release|Any CPU
		{4DD019FF-6040-07E7-D129-807C82F58D7E}.Release|Any CPU.Build.0 = Release|Any CPU
		{1F4FB651-75FB-D87B-D61C-D6055DE0DAC0}.Debug|Any CPU.ActiveCfg = Debug|Any CPU
		{1F4FB651-75FB-D87B-D61C-D6055DE0DAC0}.Debug|Any CPU.Build.0 = Debug|Any CPU
		{1F4FB651-75FB-D87B-D61C-D6055DE0DAC0}.Release|Any CPU.ActiveCfg = Release|Any CPU
		{1F4FB651-75FB-D87B-D61C-D6055DE0DAC0}.Release|Any CPU.Build.0 = Release|Any CPU
		{90C89995-483E-A6FD-DE0C-D30C40E5ADF7}.Debug|Any CPU.ActiveCfg = Debug|Any CPU
		{90C89995-483E-A6FD-DE0C-D30C40E5ADF7}.Debug|Any CPU.Build.0 = Debug|Any CPU
		{90C89995-483E-A6FD-DE0C-D30C40E5ADF7}.Release|Any CPU.ActiveCfg = Release|Any CPU
		{90C89995-483E-A6FD-DE0C-D30C40E5ADF7}.Release|Any CPU.Build.0 = Release|Any CPU
	EndGlobalSection
	GlobalSection(SolutionProperties) = preSolution
		HideSolutionNode = FALSE
	EndGlobalSection
						GlobalSection(MonoDevelopProperties) = preSolution
		StartupItem = Assembly-CSharp.csproj
		Policies = $0
		$0.TextStylePolicy = $1
		$1.inheritsSet = null
		$1.scope = text/x-csharp
		$0.CSharpFormattingPolicy = $2
		$2.inheritsSet = Mono
		$2.inheritsScope = text/x-csharp
		$2.scope = text/x-csharp
		$0.TextStylePolicy = $3
		$3.FileWidth = 120
		$3.TabWidth = 4
		$3.IndentWidth = 4
		$3.EolMarker = Unix
		$3.inheritsSet = Mono
		$3.inheritsScope = text/plain
		$3.scope = text/plain
	EndGlobalSection

EndGlobal
